
Microsoft Visual Studio Solution File, Format Version 12.00
# Visual Studio Version 17
VisualStudioVersion = 17.14.37216.2
MinimumVisualStudioVersion = 10.0.40219.1
Project("{FAE04EC0-301F-11D3-BF4B-00C04F79EFBC}") = "Block4", "Block4\Block4.csproj", "{9EBBADC2-DFBC-4946-9ADE-06520525087B}"
EndProject
Global
	GlobalSection(SolutionConfigurationPlatforms) = preSolution
		Debug|Any CPU = Debug|Any CPU
		Release|Any CPU = Release|Any CPU
	EndGlobalSection
	GlobalSection(ProjectConfigurationPlatforms) = postSolution
		{9EBBADC2-DFBC-4946-9ADE-06520525087B}.Debug|Any CPU.ActiveCfg = Debug|Any CPU
		{9EBBADC2-DFBC-4946-9ADE-06520525087B}.Debug|Any CPU.Build.0 = Debug|Any CPU
		{9EBBADC2-DFBC-4946-9ADE-06520525087B}.Release|Any CPU.ActiveCfg = Release|Any CPU
		{9EBBADC2-DFBC-4946-9ADE-06520525087B}.Release|Any CPU.Build.0 = Release|Any CPU
	EndGlobalSection
	GlobalSection(SolutionProperties) = preSolution
		HideSolutionNode = FALSE
	EndGlobalSection
	GlobalSection(ExtensibilityGlobals) = postSolution
		SolutionGuid = {6C2F7354-5F6E-4CF1-8DE7-226FDC735C24}
	EndGlobalSection
EndGlobal
